
Microsoft Visual Studio Solution File, Format Version 12.00
# Visual Studio 2013
VisualStudioVersion = 12.0.31101.0
MinimumVisualStudioVersion = 10.0.40219.1
Project("{2150E333-8FDC-42A3-9474-1A3956D46DE8}") = "Solution Items", "Solution Items", "{37AA698B-4F8F-400D-A231-4644DD12988F}"
	ProjectSection(SolutionItems) = preProject
		01_StringsinC.txt = 01_StringsinC.txt
	EndProjectSection
EndProject
Project("{FAE04EC0-301F-11D3-BF4B-00C04F79EFBC}") = "02. Reverse string", "02. Reverse string\02. Reverse string.csproj", "{DBB3ABFB-7554-4CE2-8886-CC888E331F6A}"
EndProject
Project("{FAE04EC0-301F-11D3-BF4B-00C04F79EFBC}") = "03. Correct brackets", "03.Correct brackets\03. Correct brackets.csproj", "{386314FD-51EF-4C2B-9C6F-B5FF6F6C152B}"
EndProject
Project("{FAE04EC0-301F-11D3-BF4B-00C04F79EFBC}") = "04. Sub-string in text", "04. Sub-string in text\04. Sub-string in text.csproj", "{4D7B03D1-486B-49EA-83CB-B7544AA4AC60}"
EndProject
Project("{FAE04EC0-301F-11D3-BF4B-00C04F79EFBC}") = "05.Parse tags", "05.Parse tags\05.Parse tags.csproj", "{33A09912-48FC-4384-8DE5-7DB5BE74292F}"
EndProject
Project("{FAE04EC0-301F-11D3-BF4B-00C04F79EFBC}") = "06. String length", "06.Problem 6. String length\06. String length.csproj", "{DC57584A-B5C7-4190-8546-5E319E364ADA}"
EndProject
Project("{FAE04EC0-301F-11D3-BF4B-00C04F79EFBC}") = "07.EncodeDecode", "07.EncodeDecode\07.EncodeDecode.csproj", "{932E1872-A667-46F1-8BB4-9558E36CB126}"
EndProject
Project("{FAE04EC0-301F-11D3-BF4B-00C04F79EFBC}") = "08. Extract sentences", "08. Extract sentences\08. Extract sentences.csproj", "{9FF38B04-248C-4ECB-986B-733AFF09E5FC}"
EndProject
Project("{FAE04EC0-301F-11D3-BF4B-00C04F79EFBC}") = "09. Forbidden words", "09. Forbidden words\09. Forbidden words.csproj", "{D8238859-3673-4A17-98C9-5300393CF57E}"
EndProject
Project("{FAE04EC0-301F-11D3-BF4B-00C04F79EFBC}") = "10.Unicode characters", "10.Unicode characters\10.Unicode characters.csproj", "{3CC82FE8-364F-4AE9-A8B8-E3D7BE985061}"
EndProject
Project("{FAE04EC0-301F-11D3-BF4B-00C04F79EFBC}") = "11.Format number", "11.Format number\11.Format number.csproj", "{883926F3-8B1D-4501-A4C1-59433B2E4C5E}"
EndProject
Project("{FAE04EC0-301F-11D3-BF4B-00C04F79EFBC}") = "12. Parse URL", "12. Parse URL\12. Parse URL.csproj", "{6056A574-B966-4D48-86D9-0D4B84936F62}"
EndProject
Project("{FAE04EC0-301F-11D3-BF4B-00C04F79EFBC}") = "13.Reverse sentence", "13.Reverse sentence\13.Reverse sentence.csproj", "{D20FD9DF-723B-4E8C-B714-8C480A79CFF7}"
EndProject
Project("{FAE04EC0-301F-11D3-BF4B-00C04F79EFBC}") = "14. Word dictionary", "14. Word dictionary\14. Word dictionary.csproj", "{93B7BA7E-1649-4115-AC86-76BA0A298CBD}"
EndProject
Project("{FAE04EC0-301F-11D3-BF4B-00C04F79EFBC}") = "15.Replace tags", "15.Replace tags\15.Replace tags.csproj", "{4C239EEF-59D3-49FB-B481-B318FA287E65}"
EndProject
Project("{FAE04EC0-301F-11D3-BF4B-00C04F79EFBC}") = "16.Date difference", "16.Date difference\16.Date difference.csproj", "{22F8964A-2365-4723-AF50-289B0E24E2D0}"
EndProject
Project("{FAE04EC0-301F-11D3-BF4B-00C04F79EFBC}") = "17.Date in Bulgarian", "17.Date in Bulgarian\17.Date in Bulgarian.csproj", "{17F67FB1-F01B-48BF-A441-E4B4102DA569}"
EndProject
Global
	GlobalSection(SolutionConfigurationPlatforms) = preSolution
		Debug|Any CPU = Debug|Any CPU
		Release|Any CPU = Release|Any CPU
	EndGlobalSection
	GlobalSection(ProjectConfigurationPlatforms) = postSolution
		{DBB3ABFB-7554-4CE2-8886-CC888E331F6A}.Debug|Any CPU.ActiveCfg = Debug|Any CPU
		{DBB3ABFB-7554-4CE2-8886-CC888E331F6A}.Debug|Any CPU.Build.0 = Debug|Any CPU
		{DBB3ABFB-7554-4CE2-8886-CC888E331F6A}.Release|Any CPU.ActiveCfg = Release|Any CPU
		{DBB3ABFB-7554-4CE2-8886-CC888E331F6A}.Release|Any CPU.Build.0 = Release|Any CPU
		{386314FD-51EF-4C2B-9C6F-B5FF6F6C152B}.Debug|Any CPU.ActiveCfg = Debug|Any CPU
		{386314FD-51EF-4C2B-9C6F-B5FF6F6C152B}.Debug|Any CPU.Build.0 = Debug|Any CPU
		{386314FD-51EF-4C2B-9C6F-B5FF6F6C152B}.Release|Any CPU.ActiveCfg = Release|Any CPU
		{386314FD-51EF-4C2B-9C6F-B5FF6F6C152B}.Release|Any CPU.Build.0 = Release|Any CPU
		{4D7B03D1-486B-49EA-83CB-B7544AA4AC60}.Debug|Any CPU.ActiveCfg = Debug|Any CPU
		{4D7B03D1-486B-49EA-83CB-B7544AA4AC60}.Debug|Any CPU.Build.0 = Debug|Any CPU
		{4D7B03D1-486B-49EA-83CB-B7544AA4AC60}.Release|Any CPU.ActiveCfg = Release|Any CPU
		{4D7B03D1-486B-49EA-83CB-B7544AA4AC60}.Release|Any CPU.Build.0 = Release|Any CPU
		{33A09912-48FC-4384-8DE5-7DB5BE74292F}.Debug|Any CPU.ActiveCfg = Debug|Any CPU
		{33A09912-48FC-4384-8DE5-7DB5BE74292F}.Debug|Any CPU.Build.0 = Debug|Any CPU
		{33A09912-48FC-4384-8DE5-7DB5BE74292F}.Release|Any CPU.ActiveCfg = Release|Any CPU
		{33A09912-48FC-4384-8DE5-7DB5BE74292F}.Release|Any CPU.Build.0 = Release|Any CPU
		{DC57584A-B5C7-4190-8546-5E319E364ADA}.Debug|Any CPU.ActiveCfg = Debug|Any CPU
		{DC57584A-B5C7-4190-8546-5E319E364ADA}.Debug|Any CPU.Build.0 = Debug|Any CPU
		{DC57584A-B5C7-4190-8546-5E319E364ADA}.Release|Any CPU.ActiveCfg = Release|Any CPU
		{DC57584A-B5C7-4190-8546-5E319E364ADA}.Release|Any CPU.Build.0 = Release|Any CPU
		{932E1872-A667-46F1-8BB4-9558E36CB126}.Debug|Any CPU.ActiveCfg = Debug|Any CPU
		{932E1872-A667-46F1-8BB4-9558E36CB126}.Debug|Any CPU.Build.0 = Debug|Any CPU
		{932E1872-A667-46F1-8BB4-9558E36CB126}.Release|Any CPU.ActiveCfg = Release|Any CPU
		{932E1872-A667-46F1-8BB4-9558E36CB126}.Release|Any CPU.Build.0 = Release|Any CPU
		{9FF38B04-248C-4ECB-986B-733AFF09E5FC}.Debug|Any CPU.ActiveCfg = Debug|Any CPU
		{9FF38B04-248C-4ECB-986B-733AFF09E5FC}.Debug|Any CPU.Build.0 = Debug|Any CPU
		{9FF38B04-248C-4ECB-986B-733AFF09E5FC}.Release|Any CPU.ActiveCfg = Release|Any CPU
		{9FF38B04-248C-4ECB-986B-733AFF09E5FC}.Release|Any CPU.Build.0 = Release|Any CPU
		{D8238859-3673-4A17-98C9-5300393CF57E}.Debug|Any CPU.ActiveCfg = Debug|Any CPU
		{D8238859-3673-4A17-98C9-5300393CF57E}.Debug|Any CPU.Build.0 = Debug|Any CPU
		{D8238859-3673-4A17-98C9-5300393CF57E}.Release|Any CPU.ActiveCfg = Release|Any CPU
		{D8238859-3673-4A17-98C9-5300393CF57E}.Release|Any CPU.Build.0 = Release|Any CPU
		{3CC82FE8-364F-4AE9-A8B8-E3D7BE985061}.Debug|Any CPU.ActiveCfg = Debug|Any CPU
		{3CC82FE8-364F-4AE9-A8B8-E3D7BE985061}.Debug|Any CPU.Build.0 = Debug|Any CPU
		{3CC82FE8-364F-4AE9-A8B8-E3D7BE985061}.Release|Any CPU.ActiveCfg = Release|Any CPU
		{3CC82FE8-364F-4AE9-A8B8-E3D7BE985061}.Release|Any CPU.Build.0 = Release|Any CPU
		{883926F3-8B1D-4501-A4C1-59433B2E4C5E}.Debug|Any CPU.ActiveCfg = Debug|Any CPU
		{883926F3-8B1D-4501-A4C1-59433B2E4C5E}.Debug|Any CPU.Build.0 = Debug|Any CPU
		{883926F3-8B1D-4501-A4C1-59433B2E4C5E}.Release|Any CPU.ActiveCfg = Release|Any CPU
		{883926F3-8B1D-4501-A4C1-59433B2E4C5E}.Release|Any CPU.Build.0 = Release|Any CPU
		{6056A574-B966-4D48-86D9-0D4B84936F62}.Debug|Any CPU.ActiveCfg = Debug|Any CPU
		{6056A574-B966-4D48-86D9-0D4B84936F62}.Debug|Any CPU.Build.0 = Debug|Any CPU
		{6056A574-B966-4D48-86D9-0D4B84936F62}.Release|Any CPU.ActiveCfg = Release|Any CPU
		{6056A574-B966-4D48-86D9-0D4B84936F62}.Release|Any CPU.Build.0 = Release|Any CPU
		{D20FD9DF-723B-4E8C-B714-8C480A79CFF7}.Debug|Any CPU.ActiveCfg = Debug|Any CPU
		{D20FD9DF-723B-4E8C-B714-8C480A79CFF7}.Debug|Any CPU.Build.0 = Debug|Any CPU
		{D20FD9DF-723B-4E8C-B714-8C480A79CFF7}.Release|Any CPU.ActiveCfg = Release|Any CPU
		{D20FD9DF-723B-4E8C-B714-8C480A79CFF7}.Release|Any CPU.Build.0 = Release|Any CPU
		{93B7BA7E-1649-4115-AC86-76BA0A298CBD}.Debug|Any CPU.ActiveCfg = Debug|Any CPU
		{93B7BA7E-1649-4115-AC86-76BA0A298CBD}.Debug|Any CPU.Build.0 = Debug|Any CPU
		{93B7BA7E-1649-4115-AC86-76BA0A298CBD}.Release|Any CPU.ActiveCfg = Release|Any CPU
		{93B7BA7E-1649-4115-AC86-76BA0A298CBD}.Release|Any CPU.Build.0 = Release|Any CPU
		{4C239EEF-59D3-49FB-B481-B318FA287E65}.Debug|Any CPU.ActiveCfg = Debug|Any CPU
		{4C239EEF-59D3-49FB-B481-B318FA287E65}.Debug|Any CPU.Build.0 = Debug|Any CPU
		{4C239EEF-59D3-49FB-B481-B318FA287E65}.Release|Any CPU.ActiveCfg = Release|Any CPU
		{4C239EEF-59D3-49FB-B481-B318FA287E65}.Release|Any CPU.Build.0 = Release|Any CPU
		{22F8964A-2365-4723-AF50-289B0E24E2D0}.Debug|Any CPU.ActiveCfg = Debug|Any CPU
		{22F8964A-2365-4723-AF50-289B0E24E2D0}.Debug|Any CPU.Build.0 = Debug|Any CPU
		{22F8964A-2365-4723-AF50-289B0E24E2D0}.Release|Any CPU.ActiveCfg = Release|Any CPU
		{22F8964A-2365-4723-AF50-289B0E24E2D0}.Release|Any CPU.Build.0 = Release|Any CPU
		{17F67FB1-F01B-48BF-A441-E4B4102DA569}.Debug|Any CPU.ActiveCfg = Debug|Any CPU
		{17F67FB1-F01B-48BF-A441-E4B4102DA569}.Debug|Any CPU.Build.0 = Debug|Any CPU
		{17F67FB1-F01B-48BF-A441-E4B4102DA569}.Release|Any CPU.ActiveCfg = Release|Any CPU
		{17F67FB1-F01B-48BF-A441-E4B4102DA569}.Release|Any CPU.Build.0 = Release|Any CPU
	EndGlobalSection
	GlobalSection(SolutionProperties) = preSolution
		HideSolutionNode = FALSE
	EndGlobalSection
EndGlobal
