
Microsoft Visual Studio Solution File, Format Version 12.00
# Visual Studio 2013
VisualStudioVersion = 12.0.31101.0
MinimumVisualStudioVersion = 10.0.40219.1
Project("{FAE04EC0-301F-11D3-BF4B-00C04F79EFBC}") = "O1.SayHello", "Methods\O1.SayHello.csproj", "{4E9695C3-5B7C-4D79-B4B9-0266E87FBA64}"
EndProject
Project("{FAE04EC0-301F-11D3-BF4B-00C04F79EFBC}") = "02. Get largest number", "02. Get largest number\02. Get largest number.csproj", "{836F6982-7841-4265-B5C0-40A2306DEADF}"
EndProject
Project("{FAE04EC0-301F-11D3-BF4B-00C04F79EFBC}") = "03.English digit", "03.English digit\03.English digit.csproj", "{408E3939-53A7-44FE-BB80-C64081F23100}"
EndProject
Project("{FAE04EC0-301F-11D3-BF4B-00C04F79EFBC}") = "04.Appearance count", "04.Appearance count\04.Appearance count.csproj", "{44F7769E-5618-42A3-B435-48D47400FCC3}"
EndProject
Project("{FAE04EC0-301F-11D3-BF4B-00C04F79EFBC}") = "AppearenceTest", "Apearence\AppearenceTest.csproj", "{372D16E8-7487-48D4-A4E8-4919AC93F713}"
EndProject
Project("{FAE04EC0-301F-11D3-BF4B-00C04F79EFBC}") = "05. Larger than neighbours", "05. Larger than neighbours\05. Larger than neighbours.csproj", "{9FBE867C-E210-4958-9F06-473B9A754E24}"
EndProject
Project("{FAE04EC0-301F-11D3-BF4B-00C04F79EFBC}") = "06.First larger than neighbours", "06.First larger than neighbours\06.First larger than neighbours.csproj", "{10B50B97-CB7A-4976-9513-35668B59E55A}"
EndProject
Project("{FAE04EC0-301F-11D3-BF4B-00C04F79EFBC}") = "07.Reverse number", "07.Reverse number\07.Reverse number.csproj", "{178FCBB5-582F-442A-9FF5-A03053E16AE6}"
EndProject
Project("{FAE04EC0-301F-11D3-BF4B-00C04F79EFBC}") = "08.Number as array", "08.Number as array\08.Number as array.csproj", "{26E0B33E-5625-4664-B496-BC9058A34B82}"
EndProject
Project("{FAE04EC0-301F-11D3-BF4B-00C04F79EFBC}") = "09. Sorting array", "09. Sorting array\09. Sorting array.csproj", "{4778520A-8D6D-4D50-AF5B-1DDC7B75DB7D}"
EndProject
Project("{FAE04EC0-301F-11D3-BF4B-00C04F79EFBC}") = "10.N Factorial", "10.N Factorial\10.N Factorial.csproj", "{5B5D50F2-D331-415C-8FFA-148EFA6908AB}"
EndProject
Project("{FAE04EC0-301F-11D3-BF4B-00C04F79EFBC}") = "11.Adding polynomials", "11.Adding polynomials\11.Adding polynomials.csproj", "{B472D147-9DA8-45DF-879D-E4F9C21A2F46}"
EndProject
Project("{FAE04EC0-301F-11D3-BF4B-00C04F79EFBC}") = "12.Subtracting polynomials", "12.Subtracting polynomials\12.Subtracting polynomials.csproj", "{643796F2-FE1B-4383-802C-78F28FC2C5A1}"
EndProject
Global
	GlobalSection(SolutionConfigurationPlatforms) = preSolution
		Debug|Any CPU = Debug|Any CPU
		Release|Any CPU = Release|Any CPU
	EndGlobalSection
	GlobalSection(ProjectConfigurationPlatforms) = postSolution
		{4E9695C3-5B7C-4D79-B4B9-0266E87FBA64}.Debug|Any CPU.ActiveCfg = Debug|Any CPU
		{4E9695C3-5B7C-4D79-B4B9-0266E87FBA64}.Debug|Any CPU.Build.0 = Debug|Any CPU
		{4E9695C3-5B7C-4D79-B4B9-0266E87FBA64}.Release|Any CPU.ActiveCfg = Release|Any CPU
		{4E9695C3-5B7C-4D79-B4B9-0266E87FBA64}.Release|Any CPU.Build.0 = Release|Any CPU
		{836F6982-7841-4265-B5C0-40A2306DEADF}.Debug|Any CPU.ActiveCfg = Debug|Any CPU
		{836F6982-7841-4265-B5C0-40A2306DEADF}.Debug|Any CPU.Build.0 = Debug|Any CPU
		{836F6982-7841-4265-B5C0-40A2306DEADF}.Release|Any CPU.ActiveCfg = Release|Any CPU
		{836F6982-7841-4265-B5C0-40A2306DEADF}.Release|Any CPU.Build.0 = Release|Any CPU
		{408E3939-53A7-44FE-BB80-C64081F23100}.Debug|Any CPU.ActiveCfg = Debug|Any CPU
		{408E3939-53A7-44FE-BB80-C64081F23100}.Debug|Any CPU.Build.0 = Debug|Any CPU
		{408E3939-53A7-44FE-BB80-C64081F23100}.Release|Any CPU.ActiveCfg = Release|Any CPU
		{408E3939-53A7-44FE-BB80-C64081F23100}.Release|Any CPU.Build.0 = Release|Any CPU
		{44F7769E-5618-42A3-B435-48D47400FCC3}.Debug|Any CPU.ActiveCfg = Debug|Any CPU
		{44F7769E-5618-42A3-B435-48D47400FCC3}.Debug|Any CPU.Build.0 = Debug|Any CPU
		{44F7769E-5618-42A3-B435-48D47400FCC3}.Release|Any CPU.ActiveCfg = Release|Any CPU
		{44F7769E-5618-42A3-B435-48D47400FCC3}.Release|Any CPU.Build.0 = Release|Any CPU
		{372D16E8-7487-48D4-A4E8-4919AC93F713}.Debug|Any CPU.ActiveCfg = Debug|Any CPU
		{372D16E8-7487-48D4-A4E8-4919AC93F713}.Debug|Any CPU.Build.0 = Debug|Any CPU
		{372D16E8-7487-48D4-A4E8-4919AC93F713}.Release|Any CPU.ActiveCfg = Release|Any CPU
		{372D16E8-7487-48D4-A4E8-4919AC93F713}.Release|Any CPU.Build.0 = Release|Any CPU
		{9FBE867C-E210-4958-9F06-473B9A754E24}.Debug|Any CPU.ActiveCfg = Debug|Any CPU
		{9FBE867C-E210-4958-9F06-473B9A754E24}.Debug|Any CPU.Build.0 = Debug|Any CPU
		{9FBE867C-E210-4958-9F06-473B9A754E24}.Release|Any CPU.ActiveCfg = Release|Any CPU
		{9FBE867C-E210-4958-9F06-473B9A754E24}.Release|Any CPU.Build.0 = Release|Any CPU
		{10B50B97-CB7A-4976-9513-35668B59E55A}.Debug|Any CPU.ActiveCfg = Debug|Any CPU
		{10B50B97-CB7A-4976-9513-35668B59E55A}.Debug|Any CPU.Build.0 = Debug|Any CPU
		{10B50B97-CB7A-4976-9513-35668B59E55A}.Release|Any CPU.ActiveCfg = Release|Any CPU
		{10B50B97-CB7A-4976-9513-35668B59E55A}.Release|Any CPU.Build.0 = Release|Any CPU
		{178FCBB5-582F-442A-9FF5-A03053E16AE6}.Debug|Any CPU.ActiveCfg = Debug|Any CPU
		{178FCBB5-582F-442A-9FF5-A03053E16AE6}.Debug|Any CPU.Build.0 = Debug|Any CPU
		{178FCBB5-582F-442A-9FF5-A03053E16AE6}.Release|Any CPU.ActiveCfg = Release|Any CPU
		{178FCBB5-582F-442A-9FF5-A03053E16AE6}.Release|Any CPU.Build.0 = Release|Any CPU
		{26E0B33E-5625-4664-B496-BC9058A34B82}.Debug|Any CPU.ActiveCfg = Debug|Any CPU
		{26E0B33E-5625-4664-B496-BC9058A34B82}.Debug|Any CPU.Build.0 = Debug|Any CPU
		{26E0B33E-5625-4664-B496-BC9058A34B82}.Release|Any CPU.ActiveCfg = Release|Any CPU
		{26E0B33E-5625-4664-B496-BC9058A34B82}.Release|Any CPU.Build.0 = Release|Any CPU
		{4778520A-8D6D-4D50-AF5B-1DDC7B75DB7D}.Debug|Any CPU.ActiveCfg = Debug|Any CPU
		{4778520A-8D6D-4D50-AF5B-1DDC7B75DB7D}.Debug|Any CPU.Build.0 = Debug|Any CPU
		{4778520A-8D6D-4D50-AF5B-1DDC7B75DB7D}.Release|Any CPU.ActiveCfg = Release|Any CPU
		{4778520A-8D6D-4D50-AF5B-1DDC7B75DB7D}.Release|Any CPU.Build.0 = Release|Any CPU
		{5B5D50F2-D331-415C-8FFA-148EFA6908AB}.Debug|Any CPU.ActiveCfg = Debug|Any CPU
		{5B5D50F2-D331-415C-8FFA-148EFA6908AB}.Debug|Any CPU.Build.0 = Debug|Any CPU
		{5B5D50F2-D331-415C-8FFA-148EFA6908AB}.Release|Any CPU.ActiveCfg = Release|Any CPU
		{5B5D50F2-D331-415C-8FFA-148EFA6908AB}.Release|Any CPU.Build.0 = Release|Any CPU
		{B472D147-9DA8-45DF-879D-E4F9C21A2F46}.Debug|Any CPU.ActiveCfg = Debug|Any CPU
		{B472D147-9DA8-45DF-879D-E4F9C21A2F46}.Debug|Any CPU.Build.0 = Debug|Any CPU
		{B472D147-9DA8-45DF-879D-E4F9C21A2F46}.Release|Any CPU.ActiveCfg = Release|Any CPU
		{B472D147-9DA8-45DF-879D-E4F9C21A2F46}.Release|Any CPU.Build.0 = Release|Any CPU
		{643796F2-FE1B-4383-802C-78F28FC2C5A1}.Debug|Any CPU.ActiveCfg = Debug|Any CPU
		{643796F2-FE1B-4383-802C-78F28FC2C5A1}.Debug|Any CPU.Build.0 = Debug|Any CPU
		{643796F2-FE1B-4383-802C-78F28FC2C5A1}.Release|Any CPU.ActiveCfg = Release|Any CPU
		{643796F2-FE1B-4383-802C-78F28FC2C5A1}.Release|Any CPU.Build.0 = Release|Any CPU
	EndGlobalSection
	GlobalSection(SolutionProperties) = preSolution
		HideSolutionNode = FALSE
	EndGlobalSection
EndGlobal
