
Microsoft Visual Studio Solution File, Format Version 12.00
# Visual Studio 2013
VisualStudioVersion = 12.0.31101.0
MinimumVisualStudioVersion = 10.0.40219.1
Project("{FAE04EC0-301F-11D3-BF4B-00C04F79EFBC}") = "01. Odd lines", "01. Odd lines\01. Odd lines.csproj", "{73E53FDC-1994-497E-A27A-125180BA63D0}"
EndProject
Project("{FAE04EC0-301F-11D3-BF4B-00C04F79EFBC}") = "02.Concatenate text files", "02.Concatenate text files\02.Concatenate text files.csproj", "{29714BA0-326E-469F-B98D-28C301D1D247}"
EndProject
Project("{FAE04EC0-301F-11D3-BF4B-00C04F79EFBC}") = "03.Line numbers", "03.Line numbers\03.Line numbers.csproj", "{11724DD8-087B-472A-BD15-1277086EDAAF}"
EndProject
Project("{FAE04EC0-301F-11D3-BF4B-00C04F79EFBC}") = "04.Compare text files", "04.Compare text files\04.Compare text files.csproj", "{58C08A1C-080C-447D-8167-9D2B43182237}"
EndProject
Project("{FAE04EC0-301F-11D3-BF4B-00C04F79EFBC}") = "05.Maximal area sum", "05.Maximal area sum\05.Maximal area sum.csproj", "{8EEF9C41-70B3-40F7-9C33-A939F79B590B}"
EndProject
Project("{FAE04EC0-301F-11D3-BF4B-00C04F79EFBC}") = "06.Save sorted names", "06.Save sorted names\06.Save sorted names.csproj", "{BD8728F2-590A-488F-A373-486C2A8ADFDF}"
EndProject
Project("{FAE04EC0-301F-11D3-BF4B-00C04F79EFBC}") = "07.Replace sub-string", "07.Replace sub-string\07.Replace sub-string.csproj", "{838DD90B-9819-4CDB-8BD5-745CEF4A8FA5}"
EndProject
Project("{FAE04EC0-301F-11D3-BF4B-00C04F79EFBC}") = "08.Replace whole word", "08.Replace whole word\08.Replace whole word.csproj", "{7475CA1E-0681-4392-AED5-A8FC3B1BCEA5}"
EndProject
Project("{FAE04EC0-301F-11D3-BF4B-00C04F79EFBC}") = "09.Delete odd lines", "09.Delete odd lines\09.Delete odd lines.csproj", "{CF1A51F5-88A5-4BF8-9E93-9FE51F18C9CD}"
EndProject
Project("{FAE04EC0-301F-11D3-BF4B-00C04F79EFBC}") = "10.Extract text from XML", "10.Extract text from XML\10.Extract text from XML.csproj", "{88AA61B7-F512-487A-BA5C-380DF9A0DF41}"
EndProject
Project("{FAE04EC0-301F-11D3-BF4B-00C04F79EFBC}") = "11.Prefix test", "11.Prefix test\11.Prefix test.csproj", "{8352C3F2-55C1-4D9A-96ED-8F16593D1DDB}"
EndProject
Project("{FAE04EC0-301F-11D3-BF4B-00C04F79EFBC}") = "12. Remove words", "12. Remove words\12. Remove words.csproj", "{D7552244-CA1B-426B-A4E1-1D1F8B72367E}"
EndProject
Project("{FAE04EC0-301F-11D3-BF4B-00C04F79EFBC}") = "13.Count words", "13.Count words\13.Count words.csproj", "{AEB7DF52-78C6-4422-8F65-1B56D967B1CD}"
EndProject
Global
	GlobalSection(SolutionConfigurationPlatforms) = preSolution
		Debug|Any CPU = Debug|Any CPU
		Release|Any CPU = Release|Any CPU
	EndGlobalSection
	GlobalSection(ProjectConfigurationPlatforms) = postSolution
		{73E53FDC-1994-497E-A27A-125180BA63D0}.Debug|Any CPU.ActiveCfg = Debug|Any CPU
		{73E53FDC-1994-497E-A27A-125180BA63D0}.Debug|Any CPU.Build.0 = Debug|Any CPU
		{73E53FDC-1994-497E-A27A-125180BA63D0}.Release|Any CPU.ActiveCfg = Release|Any CPU
		{73E53FDC-1994-497E-A27A-125180BA63D0}.Release|Any CPU.Build.0 = Release|Any CPU
		{29714BA0-326E-469F-B98D-28C301D1D247}.Debug|Any CPU.ActiveCfg = Debug|Any CPU
		{29714BA0-326E-469F-B98D-28C301D1D247}.Debug|Any CPU.Build.0 = Debug|Any CPU
		{29714BA0-326E-469F-B98D-28C301D1D247}.Release|Any CPU.ActiveCfg = Release|Any CPU
		{29714BA0-326E-469F-B98D-28C301D1D247}.Release|Any CPU.Build.0 = Release|Any CPU
		{11724DD8-087B-472A-BD15-1277086EDAAF}.Debug|Any CPU.ActiveCfg = Debug|Any CPU
		{11724DD8-087B-472A-BD15-1277086EDAAF}.Debug|Any CPU.Build.0 = Debug|Any CPU
		{11724DD8-087B-472A-BD15-1277086EDAAF}.Release|Any CPU.ActiveCfg = Release|Any CPU
		{11724DD8-087B-472A-BD15-1277086EDAAF}.Release|Any CPU.Build.0 = Release|Any CPU
		{58C08A1C-080C-447D-8167-9D2B43182237}.Debug|Any CPU.ActiveCfg = Debug|Any CPU
		{58C08A1C-080C-447D-8167-9D2B43182237}.Debug|Any CPU.Build.0 = Debug|Any CPU
		{58C08A1C-080C-447D-8167-9D2B43182237}.Release|Any CPU.ActiveCfg = Release|Any CPU
		{58C08A1C-080C-447D-8167-9D2B43182237}.Release|Any CPU.Build.0 = Release|Any CPU
		{8EEF9C41-70B3-40F7-9C33-A939F79B590B}.Debug|Any CPU.ActiveCfg = Debug|Any CPU
		{8EEF9C41-70B3-40F7-9C33-A939F79B590B}.Debug|Any CPU.Build.0 = Debug|Any CPU
		{8EEF9C41-70B3-40F7-9C33-A939F79B590B}.Release|Any CPU.ActiveCfg = Release|Any CPU
		{8EEF9C41-70B3-40F7-9C33-A939F79B590B}.Release|Any CPU.Build.0 = Release|Any CPU
		{BD8728F2-590A-488F-A373-486C2A8ADFDF}.Debug|Any CPU.ActiveCfg = Debug|Any CPU
		{BD8728F2-590A-488F-A373-486C2A8ADFDF}.Debug|Any CPU.Build.0 = Debug|Any CPU
		{BD8728F2-590A-488F-A373-486C2A8ADFDF}.Release|Any CPU.ActiveCfg = Release|Any CPU
		{BD8728F2-590A-488F-A373-486C2A8ADFDF}.Release|Any CPU.Build.0 = Release|Any CPU
		{838DD90B-9819-4CDB-8BD5-745CEF4A8FA5}.Debug|Any CPU.ActiveCfg = Debug|Any CPU
		{838DD90B-9819-4CDB-8BD5-745CEF4A8FA5}.Debug|Any CPU.Build.0 = Debug|Any CPU
		{838DD90B-9819-4CDB-8BD5-745CEF4A8FA5}.Release|Any CPU.ActiveCfg = Release|Any CPU
		{838DD90B-9819-4CDB-8BD5-745CEF4A8FA5}.Release|Any CPU.Build.0 = Release|Any CPU
		{7475CA1E-0681-4392-AED5-A8FC3B1BCEA5}.Debug|Any CPU.ActiveCfg = Debug|Any CPU
		{7475CA1E-0681-4392-AED5-A8FC3B1BCEA5}.Debug|Any CPU.Build.0 = Debug|Any CPU
		{7475CA1E-0681-4392-AED5-A8FC3B1BCEA5}.Release|Any CPU.ActiveCfg = Release|Any CPU
		{7475CA1E-0681-4392-AED5-A8FC3B1BCEA5}.Release|Any CPU.Build.0 = Release|Any CPU
		{CF1A51F5-88A5-4BF8-9E93-9FE51F18C9CD}.Debug|Any CPU.ActiveCfg = Debug|Any CPU
		{CF1A51F5-88A5-4BF8-9E93-9FE51F18C9CD}.Debug|Any CPU.Build.0 = Debug|Any CPU
		{CF1A51F5-88A5-4BF8-9E93-9FE51F18C9CD}.Release|Any CPU.ActiveCfg = Release|Any CPU
		{CF1A51F5-88A5-4BF8-9E93-9FE51F18C9CD}.Release|Any CPU.Build.0 = Release|Any CPU
		{88AA61B7-F512-487A-BA5C-380DF9A0DF41}.Debug|Any CPU.ActiveCfg = Debug|Any CPU
		{88AA61B7-F512-487A-BA5C-380DF9A0DF41}.Debug|Any CPU.Build.0 = Debug|Any CPU
		{88AA61B7-F512-487A-BA5C-380DF9A0DF41}.Release|Any CPU.ActiveCfg = Release|Any CPU
		{88AA61B7-F512-487A-BA5C-380DF9A0DF41}.Release|Any CPU.Build.0 = Release|Any CPU
		{8352C3F2-55C1-4D9A-96ED-8F16593D1DDB}.Debug|Any CPU.ActiveCfg = Debug|Any CPU
		{8352C3F2-55C1-4D9A-96ED-8F16593D1DDB}.Debug|Any CPU.Build.0 = Debug|Any CPU
		{8352C3F2-55C1-4D9A-96ED-8F16593D1DDB}.Release|Any CPU.ActiveCfg = Release|Any CPU
		{8352C3F2-55C1-4D9A-96ED-8F16593D1DDB}.Release|Any CPU.Build.0 = Release|Any CPU
		{D7552244-CA1B-426B-A4E1-1D1F8B72367E}.Debug|Any CPU.ActiveCfg = Debug|Any CPU
		{D7552244-CA1B-426B-A4E1-1D1F8B72367E}.Debug|Any CPU.Build.0 = Debug|Any CPU
		{D7552244-CA1B-426B-A4E1-1D1F8B72367E}.Release|Any CPU.ActiveCfg = Release|Any CPU
		{D7552244-CA1B-426B-A4E1-1D1F8B72367E}.Release|Any CPU.Build.0 = Release|Any CPU
		{AEB7DF52-78C6-4422-8F65-1B56D967B1CD}.Debug|Any CPU.ActiveCfg = Debug|Any CPU
		{AEB7DF52-78C6-4422-8F65-1B56D967B1CD}.Debug|Any CPU.Build.0 = Debug|Any CPU
		{AEB7DF52-78C6-4422-8F65-1B56D967B1CD}.Release|Any CPU.ActiveCfg = Release|Any CPU
		{AEB7DF52-78C6-4422-8F65-1B56D967B1CD}.Release|Any CPU.Build.0 = Release|Any CPU
	EndGlobalSection
	GlobalSection(SolutionProperties) = preSolution
		HideSolutionNode = FALSE
	EndGlobalSection
EndGlobal
