
Microsoft Visual Studio Solution File, Format Version 12.00
# Visual Studio 2013
VisualStudioVersion = 12.0.31101.0
MinimumVisualStudioVersion = 10.0.40219.1
Project("{FAE04EC0-301F-11D3-BF4B-00C04F79EFBC}") = "01. Allocate array", "01. Allocate array\01. Allocate array.csproj", "{E656AB33-E40A-4D4D-A81B-D536226FC062}"
EndProject
Project("{FAE04EC0-301F-11D3-BF4B-00C04F79EFBC}") = "02.CompareArray", "02.CompareArray\02.CompareArray.csproj", "{DEC7F5D9-0797-4449-AC39-359CC4C61027}"
EndProject
Project("{FAE04EC0-301F-11D3-BF4B-00C04F79EFBC}") = "03.charArray", "03.charArray\03.charArray.csproj", "{84411679-CB1F-4861-9F91-E8E7D570C241}"
EndProject
Project("{FAE04EC0-301F-11D3-BF4B-00C04F79EFBC}") = "04.Maximalsequence", "04.Maximalsequence\04.Maximalsequence.csproj", "{1EAD642E-89B1-46F3-B1FC-8195E6F5F5C6}"
EndProject
Project("{FAE04EC0-301F-11D3-BF4B-00C04F79EFBC}") = "05.MaximumIncresingSequance", "05.MaximumIncresingSequance\05.MaximumIncresingSequance.csproj", "{5F7EFF40-F025-4ED0-BB68-FDC2C42FB750}"
EndProject
Project("{FAE04EC0-301F-11D3-BF4B-00C04F79EFBC}") = "06.MaximumSum", "06.MaximumSum\06.MaximumSum.csproj", "{4BA01886-3B36-48F5-9259-8CDD4322FF01}"
EndProject
Project("{FAE04EC0-301F-11D3-BF4B-00C04F79EFBC}") = "07.Selection sort", "07.Selection sort\07.Selection sort.csproj", "{EC702BAE-8D3B-410E-8473-4085D1A79667}"
EndProject
Project("{FAE04EC0-301F-11D3-BF4B-00C04F79EFBC}") = "08. Maximal sumsequance", "08. Maximal sum\08. Maximal sumsequance.csproj", "{17A2FD09-B2B8-4782-BE35-47472A5B01D7}"
EndProject
Project("{FAE04EC0-301F-11D3-BF4B-00C04F79EFBC}") = "09.Frequent number", "09.Frequent number\09.Frequent number.csproj", "{B4E3CABD-8FA2-4E5C-A59F-EFF7C00A9B09}"
EndProject
Project("{FAE04EC0-301F-11D3-BF4B-00C04F79EFBC}") = "10.Find sum in array", "10.Find sum in array\10.Find sum in array.csproj", "{35ABEDA6-7C94-4240-A982-DF212E1AC7DC}"
EndProject
Project("{FAE04EC0-301F-11D3-BF4B-00C04F79EFBC}") = "11.BinarySearch", "11.BinarySearch\11.BinarySearch.csproj", "{8FA04184-94A0-4881-86C5-981EB32F2932}"
EndProject
Project("{FAE04EC0-301F-11D3-BF4B-00C04F79EFBC}") = "12. Index of letters", "12. Index of letters\12. Index of letters.csproj", "{DDD2E80B-8A7D-4912-AF4C-60E722BF0841}"
EndProject
Project("{FAE04EC0-301F-11D3-BF4B-00C04F79EFBC}") = "13.Merge sort", "13.Merge sort\13.Merge sort.csproj", "{FC72B1B2-935E-40B3-8BE0-C092FE0A0B21}"
EndProject
Project("{FAE04EC0-301F-11D3-BF4B-00C04F79EFBC}") = "14.Quick sort", "14.Quick sort\14.Quick sort.csproj", "{ABD7B875-83E3-4BC8-BACA-509CE9911B3C}"
EndProject
Project("{FAE04EC0-301F-11D3-BF4B-00C04F79EFBC}") = "15.Prime numbers", "15.Prime numbers\15.Prime numbers.csproj", "{4BDAF69F-0D1B-4853-9637-B14C4925D23F}"
EndProject
Project("{FAE04EC0-301F-11D3-BF4B-00C04F79EFBC}") = "16.Subset with sum S", "16.Subset with sum S\16.Subset with sum S.csproj", "{66D9BAF0-D93C-48CD-9FC9-B2B3DDEF1152}"
EndProject
Project("{FAE04EC0-301F-11D3-BF4B-00C04F79EFBC}") = "19.Permutations of set", "19.Permutations of set\19.Permutations of set.csproj", "{11D38139-7ED5-49BA-B1BC-7D0F41E1EF79}"
EndProject
Project("{FAE04EC0-301F-11D3-BF4B-00C04F79EFBC}") = "21.Combinations of set", "21.Combinations of set\21.Combinations of set.csproj", "{462255F6-2A2C-4842-884E-B01E1D3CA7C4}"
EndProject
Project("{FAE04EC0-301F-11D3-BF4B-00C04F79EFBC}") = "20.Variations of set", "20.Variations of set\20.Variations of set.csproj", "{12413047-FCC3-424E-8664-7DBAE3020001}"
EndProject
Global
	GlobalSection(SolutionConfigurationPlatforms) = preSolution
		Debug|Any CPU = Debug|Any CPU
		Debug|ARM = Debug|ARM
		Debug|x64 = Debug|x64
		Debug|x86 = Debug|x86
		Release|Any CPU = Release|Any CPU
		Release|ARM = Release|ARM
		Release|x64 = Release|x64
		Release|x86 = Release|x86
	EndGlobalSection
	GlobalSection(ProjectConfigurationPlatforms) = postSolution
		{E656AB33-E40A-4D4D-A81B-D536226FC062}.Debug|Any CPU.ActiveCfg = Debug|Any CPU
		{E656AB33-E40A-4D4D-A81B-D536226FC062}.Debug|Any CPU.Build.0 = Debug|Any CPU
		{E656AB33-E40A-4D4D-A81B-D536226FC062}.Debug|ARM.ActiveCfg = Debug|Any CPU
		{E656AB33-E40A-4D4D-A81B-D536226FC062}.Debug|x64.ActiveCfg = Debug|Any CPU
		{E656AB33-E40A-4D4D-A81B-D536226FC062}.Debug|x86.ActiveCfg = Debug|Any CPU
		{E656AB33-E40A-4D4D-A81B-D536226FC062}.Release|Any CPU.ActiveCfg = Release|Any CPU
		{E656AB33-E40A-4D4D-A81B-D536226FC062}.Release|Any CPU.Build.0 = Release|Any CPU
		{E656AB33-E40A-4D4D-A81B-D536226FC062}.Release|ARM.ActiveCfg = Release|Any CPU
		{E656AB33-E40A-4D4D-A81B-D536226FC062}.Release|x64.ActiveCfg = Release|Any CPU
		{E656AB33-E40A-4D4D-A81B-D536226FC062}.Release|x86.ActiveCfg = Release|Any CPU
		{DEC7F5D9-0797-4449-AC39-359CC4C61027}.Debug|Any CPU.ActiveCfg = Debug|Any CPU
		{DEC7F5D9-0797-4449-AC39-359CC4C61027}.Debug|Any CPU.Build.0 = Debug|Any CPU
		{DEC7F5D9-0797-4449-AC39-359CC4C61027}.Debug|ARM.ActiveCfg = Debug|Any CPU
		{DEC7F5D9-0797-4449-AC39-359CC4C61027}.Debug|x64.ActiveCfg = Debug|Any CPU
		{DEC7F5D9-0797-4449-AC39-359CC4C61027}.Debug|x86.ActiveCfg = Debug|Any CPU
		{DEC7F5D9-0797-4449-AC39-359CC4C61027}.Release|Any CPU.ActiveCfg = Release|Any CPU
		{DEC7F5D9-0797-4449-AC39-359CC4C61027}.Release|Any CPU.Build.0 = Release|Any CPU
		{DEC7F5D9-0797-4449-AC39-359CC4C61027}.Release|ARM.ActiveCfg = Release|Any CPU
		{DEC7F5D9-0797-4449-AC39-359CC4C61027}.Release|x64.ActiveCfg = Release|Any CPU
		{DEC7F5D9-0797-4449-AC39-359CC4C61027}.Release|x86.ActiveCfg = Release|Any CPU
		{84411679-CB1F-4861-9F91-E8E7D570C241}.Debug|Any CPU.ActiveCfg = Debug|Any CPU
		{84411679-CB1F-4861-9F91-E8E7D570C241}.Debug|Any CPU.Build.0 = Debug|Any CPU
		{84411679-CB1F-4861-9F91-E8E7D570C241}.Debug|ARM.ActiveCfg = Debug|Any CPU
		{84411679-CB1F-4861-9F91-E8E7D570C241}.Debug|x64.ActiveCfg = Debug|Any CPU
		{84411679-CB1F-4861-9F91-E8E7D570C241}.Debug|x86.ActiveCfg = Debug|Any CPU
		{84411679-CB1F-4861-9F91-E8E7D570C241}.Release|Any CPU.ActiveCfg = Release|Any CPU
		{84411679-CB1F-4861-9F91-E8E7D570C241}.Release|Any CPU.Build.0 = Release|Any CPU
		{84411679-CB1F-4861-9F91-E8E7D570C241}.Release|ARM.ActiveCfg = Release|Any CPU
		{84411679-CB1F-4861-9F91-E8E7D570C241}.Release|x64.ActiveCfg = Release|Any CPU
		{84411679-CB1F-4861-9F91-E8E7D570C241}.Release|x86.ActiveCfg = Release|Any CPU
		{1EAD642E-89B1-46F3-B1FC-8195E6F5F5C6}.Debug|Any CPU.ActiveCfg = Debug|Any CPU
		{1EAD642E-89B1-46F3-B1FC-8195E6F5F5C6}.Debug|Any CPU.Build.0 = Debug|Any CPU
		{1EAD642E-89B1-46F3-B1FC-8195E6F5F5C6}.Debug|ARM.ActiveCfg = Debug|Any CPU
		{1EAD642E-89B1-46F3-B1FC-8195E6F5F5C6}.Debug|x64.ActiveCfg = Debug|Any CPU
		{1EAD642E-89B1-46F3-B1FC-8195E6F5F5C6}.Debug|x86.ActiveCfg = Debug|Any CPU
		{1EAD642E-89B1-46F3-B1FC-8195E6F5F5C6}.Release|Any CPU.ActiveCfg = Release|Any CPU
		{1EAD642E-89B1-46F3-B1FC-8195E6F5F5C6}.Release|Any CPU.Build.0 = Release|Any CPU
		{1EAD642E-89B1-46F3-B1FC-8195E6F5F5C6}.Release|ARM.ActiveCfg = Release|Any CPU
		{1EAD642E-89B1-46F3-B1FC-8195E6F5F5C6}.Release|x64.ActiveCfg = Release|Any CPU
		{1EAD642E-89B1-46F3-B1FC-8195E6F5F5C6}.Release|x86.ActiveCfg = Release|Any CPU
		{5F7EFF40-F025-4ED0-BB68-FDC2C42FB750}.Debug|Any CPU.ActiveCfg = Debug|Any CPU
		{5F7EFF40-F025-4ED0-BB68-FDC2C42FB750}.Debug|Any CPU.Build.0 = Debug|Any CPU
		{5F7EFF40-F025-4ED0-BB68-FDC2C42FB750}.Debug|ARM.ActiveCfg = Debug|Any CPU
		{5F7EFF40-F025-4ED0-BB68-FDC2C42FB750}.Debug|x64.ActiveCfg = Debug|Any CPU
		{5F7EFF40-F025-4ED0-BB68-FDC2C42FB750}.Debug|x86.ActiveCfg = Debug|Any CPU
		{5F7EFF40-F025-4ED0-BB68-FDC2C42FB750}.Release|Any CPU.ActiveCfg = Release|Any CPU
		{5F7EFF40-F025-4ED0-BB68-FDC2C42FB750}.Release|Any CPU.Build.0 = Release|Any CPU
		{5F7EFF40-F025-4ED0-BB68-FDC2C42FB750}.Release|ARM.ActiveCfg = Release|Any CPU
		{5F7EFF40-F025-4ED0-BB68-FDC2C42FB750}.Release|x64.ActiveCfg = Release|Any CPU
		{5F7EFF40-F025-4ED0-BB68-FDC2C42FB750}.Release|x86.ActiveCfg = Release|Any CPU
		{4BA01886-3B36-48F5-9259-8CDD4322FF01}.Debug|Any CPU.ActiveCfg = Debug|Any CPU
		{4BA01886-3B36-48F5-9259-8CDD4322FF01}.Debug|Any CPU.Build.0 = Debug|Any CPU
		{4BA01886-3B36-48F5-9259-8CDD4322FF01}.Debug|ARM.ActiveCfg = Debug|Any CPU
		{4BA01886-3B36-48F5-9259-8CDD4322FF01}.Debug|x64.ActiveCfg = Debug|Any CPU
		{4BA01886-3B36-48F5-9259-8CDD4322FF01}.Debug|x86.ActiveCfg = Debug|Any CPU
		{4BA01886-3B36-48F5-9259-8CDD4322FF01}.Release|Any CPU.ActiveCfg = Release|Any CPU
		{4BA01886-3B36-48F5-9259-8CDD4322FF01}.Release|Any CPU.Build.0 = Release|Any CPU
		{4BA01886-3B36-48F5-9259-8CDD4322FF01}.Release|ARM.ActiveCfg = Release|Any CPU
		{4BA01886-3B36-48F5-9259-8CDD4322FF01}.Release|x64.ActiveCfg = Release|Any CPU
		{4BA01886-3B36-48F5-9259-8CDD4322FF01}.Release|x86.ActiveCfg = Release|Any CPU
		{EC702BAE-8D3B-410E-8473-4085D1A79667}.Debug|Any CPU.ActiveCfg = Debug|Any CPU
		{EC702BAE-8D3B-410E-8473-4085D1A79667}.Debug|Any CPU.Build.0 = Debug|Any CPU
		{EC702BAE-8D3B-410E-8473-4085D1A79667}.Debug|ARM.ActiveCfg = Debug|Any CPU
		{EC702BAE-8D3B-410E-8473-4085D1A79667}.Debug|x64.ActiveCfg = Debug|Any CPU
		{EC702BAE-8D3B-410E-8473-4085D1A79667}.Debug|x86.ActiveCfg = Debug|Any CPU
		{EC702BAE-8D3B-410E-8473-4085D1A79667}.Release|Any CPU.ActiveCfg = Release|Any CPU
		{EC702BAE-8D3B-410E-8473-4085D1A79667}.Release|Any CPU.Build.0 = Release|Any CPU
		{EC702BAE-8D3B-410E-8473-4085D1A79667}.Release|ARM.ActiveCfg = Release|Any CPU
		{EC702BAE-8D3B-410E-8473-4085D1A79667}.Release|x64.ActiveCfg = Release|Any CPU
		{EC702BAE-8D3B-410E-8473-4085D1A79667}.Release|x86.ActiveCfg = Release|Any CPU
		{17A2FD09-B2B8-4782-BE35-47472A5B01D7}.Debug|Any CPU.ActiveCfg = Debug|Any CPU
		{17A2FD09-B2B8-4782-BE35-47472A5B01D7}.Debug|Any CPU.Build.0 = Debug|Any CPU
		{17A2FD09-B2B8-4782-BE35-47472A5B01D7}.Debug|ARM.ActiveCfg = Debug|Any CPU
		{17A2FD09-B2B8-4782-BE35-47472A5B01D7}.Debug|x64.ActiveCfg = Debug|Any CPU
		{17A2FD09-B2B8-4782-BE35-47472A5B01D7}.Debug|x86.ActiveCfg = Debug|Any CPU
		{17A2FD09-B2B8-4782-BE35-47472A5B01D7}.Release|Any CPU.ActiveCfg = Release|Any CPU
		{17A2FD09-B2B8-4782-BE35-47472A5B01D7}.Release|Any CPU.Build.0 = Release|Any CPU
		{17A2FD09-B2B8-4782-BE35-47472A5B01D7}.Release|ARM.ActiveCfg = Release|Any CPU
		{17A2FD09-B2B8-4782-BE35-47472A5B01D7}.Release|x64.ActiveCfg = Release|Any CPU
		{17A2FD09-B2B8-4782-BE35-47472A5B01D7}.Release|x86.ActiveCfg = Release|Any CPU
		{B4E3CABD-8FA2-4E5C-A59F-EFF7C00A9B09}.Debug|Any CPU.ActiveCfg = Debug|Any CPU
		{B4E3CABD-8FA2-4E5C-A59F-EFF7C00A9B09}.Debug|Any CPU.Build.0 = Debug|Any CPU
		{B4E3CABD-8FA2-4E5C-A59F-EFF7C00A9B09}.Debug|ARM.ActiveCfg = Debug|Any CPU
		{B4E3CABD-8FA2-4E5C-A59F-EFF7C00A9B09}.Debug|x64.ActiveCfg = Debug|Any CPU
		{B4E3CABD-8FA2-4E5C-A59F-EFF7C00A9B09}.Debug|x86.ActiveCfg = Debug|Any CPU
		{B4E3CABD-8FA2-4E5C-A59F-EFF7C00A9B09}.Release|Any CPU.ActiveCfg = Release|Any CPU
		{B4E3CABD-8FA2-4E5C-A59F-EFF7C00A9B09}.Release|Any CPU.Build.0 = Release|Any CPU
		{B4E3CABD-8FA2-4E5C-A59F-EFF7C00A9B09}.Release|ARM.ActiveCfg = Release|Any CPU
		{B4E3CABD-8FA2-4E5C-A59F-EFF7C00A9B09}.Release|x64.ActiveCfg = Release|Any CPU
		{B4E3CABD-8FA2-4E5C-A59F-EFF7C00A9B09}.Release|x86.ActiveCfg = Release|Any CPU
		{35ABEDA6-7C94-4240-A982-DF212E1AC7DC}.Debug|Any CPU.ActiveCfg = Debug|Any CPU
		{35ABEDA6-7C94-4240-A982-DF212E1AC7DC}.Debug|Any CPU.Build.0 = Debug|Any CPU
		{35ABEDA6-7C94-4240-A982-DF212E1AC7DC}.Debug|ARM.ActiveCfg = Debug|Any CPU
		{35ABEDA6-7C94-4240-A982-DF212E1AC7DC}.Debug|x64.ActiveCfg = Debug|Any CPU
		{35ABEDA6-7C94-4240-A982-DF212E1AC7DC}.Debug|x86.ActiveCfg = Debug|Any CPU
		{35ABEDA6-7C94-4240-A982-DF212E1AC7DC}.Release|Any CPU.ActiveCfg = Release|Any CPU
		{35ABEDA6-7C94-4240-A982-DF212E1AC7DC}.Release|Any CPU.Build.0 = Release|Any CPU
		{35ABEDA6-7C94-4240-A982-DF212E1AC7DC}.Release|ARM.ActiveCfg = Release|Any CPU
		{35ABEDA6-7C94-4240-A982-DF212E1AC7DC}.Release|x64.ActiveCfg = Release|Any CPU
		{35ABEDA6-7C94-4240-A982-DF212E1AC7DC}.Release|x86.ActiveCfg = Release|Any CPU
		{8FA04184-94A0-4881-86C5-981EB32F2932}.Debug|Any CPU.ActiveCfg = Debug|Any CPU
		{8FA04184-94A0-4881-86C5-981EB32F2932}.Debug|Any CPU.Build.0 = Debug|Any CPU
		{8FA04184-94A0-4881-86C5-981EB32F2932}.Debug|ARM.ActiveCfg = Debug|Any CPU
		{8FA04184-94A0-4881-86C5-981EB32F2932}.Debug|x64.ActiveCfg = Debug|Any CPU
		{8FA04184-94A0-4881-86C5-981EB32F2932}.Debug|x86.ActiveCfg = Debug|Any CPU
		{8FA04184-94A0-4881-86C5-981EB32F2932}.Release|Any CPU.ActiveCfg = Release|Any CPU
		{8FA04184-94A0-4881-86C5-981EB32F2932}.Release|Any CPU.Build.0 = Release|Any CPU
		{8FA04184-94A0-4881-86C5-981EB32F2932}.Release|ARM.ActiveCfg = Release|Any CPU
		{8FA04184-94A0-4881-86C5-981EB32F2932}.Release|x64.ActiveCfg = Release|Any CPU
		{8FA04184-94A0-4881-86C5-981EB32F2932}.Release|x86.ActiveCfg = Release|Any CPU
		{DDD2E80B-8A7D-4912-AF4C-60E722BF0841}.Debug|Any CPU.ActiveCfg = Debug|Any CPU
		{DDD2E80B-8A7D-4912-AF4C-60E722BF0841}.Debug|Any CPU.Build.0 = Debug|Any CPU
		{DDD2E80B-8A7D-4912-AF4C-60E722BF0841}.Debug|ARM.ActiveCfg = Debug|Any CPU
		{DDD2E80B-8A7D-4912-AF4C-60E722BF0841}.Debug|x64.ActiveCfg = Debug|Any CPU
		{DDD2E80B-8A7D-4912-AF4C-60E722BF0841}.Debug|x86.ActiveCfg = Debug|Any CPU
		{DDD2E80B-8A7D-4912-AF4C-60E722BF0841}.Release|Any CPU.ActiveCfg = Release|Any CPU
		{DDD2E80B-8A7D-4912-AF4C-60E722BF0841}.Release|Any CPU.Build.0 = Release|Any CPU
		{DDD2E80B-8A7D-4912-AF4C-60E722BF0841}.Release|ARM.ActiveCfg = Release|Any CPU
		{DDD2E80B-8A7D-4912-AF4C-60E722BF0841}.Release|x64.ActiveCfg = Release|Any CPU
		{DDD2E80B-8A7D-4912-AF4C-60E722BF0841}.Release|x86.ActiveCfg = Release|Any CPU
		{FC72B1B2-935E-40B3-8BE0-C092FE0A0B21}.Debug|Any CPU.ActiveCfg = Debug|Any CPU
		{FC72B1B2-935E-40B3-8BE0-C092FE0A0B21}.Debug|Any CPU.Build.0 = Debug|Any CPU
		{FC72B1B2-935E-40B3-8BE0-C092FE0A0B21}.Debug|ARM.ActiveCfg = Debug|Any CPU
		{FC72B1B2-935E-40B3-8BE0-C092FE0A0B21}.Debug|x64.ActiveCfg = Debug|Any CPU
		{FC72B1B2-935E-40B3-8BE0-C092FE0A0B21}.Debug|x86.ActiveCfg = Debug|Any CPU
		{FC72B1B2-935E-40B3-8BE0-C092FE0A0B21}.Release|Any CPU.ActiveCfg = Release|Any CPU
		{FC72B1B2-935E-40B3-8BE0-C092FE0A0B21}.Release|Any CPU.Build.0 = Release|Any CPU
		{FC72B1B2-935E-40B3-8BE0-C092FE0A0B21}.Release|ARM.ActiveCfg = Release|Any CPU
		{FC72B1B2-935E-40B3-8BE0-C092FE0A0B21}.Release|x64.ActiveCfg = Release|Any CPU
		{FC72B1B2-935E-40B3-8BE0-C092FE0A0B21}.Release|x86.ActiveCfg = Release|Any CPU
		{ABD7B875-83E3-4BC8-BACA-509CE9911B3C}.Debug|Any CPU.ActiveCfg = Debug|Any CPU
		{ABD7B875-83E3-4BC8-BACA-509CE9911B3C}.Debug|Any CPU.Build.0 = Debug|Any CPU
		{ABD7B875-83E3-4BC8-BACA-509CE9911B3C}.Debug|ARM.ActiveCfg = Debug|Any CPU
		{ABD7B875-83E3-4BC8-BACA-509CE9911B3C}.Debug|x64.ActiveCfg = Debug|Any CPU
		{ABD7B875-83E3-4BC8-BACA-509CE9911B3C}.Debug|x86.ActiveCfg = Debug|Any CPU
		{ABD7B875-83E3-4BC8-BACA-509CE9911B3C}.Release|Any CPU.ActiveCfg = Release|Any CPU
		{ABD7B875-83E3-4BC8-BACA-509CE9911B3C}.Release|Any CPU.Build.0 = Release|Any CPU
		{ABD7B875-83E3-4BC8-BACA-509CE9911B3C}.Release|ARM.ActiveCfg = Release|Any CPU
		{ABD7B875-83E3-4BC8-BACA-509CE9911B3C}.Release|x64.ActiveCfg = Release|Any CPU
		{ABD7B875-83E3-4BC8-BACA-509CE9911B3C}.Release|x86.ActiveCfg = Release|Any CPU
		{4BDAF69F-0D1B-4853-9637-B14C4925D23F}.Debug|Any CPU.ActiveCfg = Debug|Any CPU
		{4BDAF69F-0D1B-4853-9637-B14C4925D23F}.Debug|Any CPU.Build.0 = Debug|Any CPU
		{4BDAF69F-0D1B-4853-9637-B14C4925D23F}.Debug|ARM.ActiveCfg = Debug|Any CPU
		{4BDAF69F-0D1B-4853-9637-B14C4925D23F}.Debug|x64.ActiveCfg = Debug|Any CPU
		{4BDAF69F-0D1B-4853-9637-B14C4925D23F}.Debug|x86.ActiveCfg = Debug|Any CPU
		{4BDAF69F-0D1B-4853-9637-B14C4925D23F}.Release|Any CPU.ActiveCfg = Release|Any CPU
		{4BDAF69F-0D1B-4853-9637-B14C4925D23F}.Release|Any CPU.Build.0 = Release|Any CPU
		{4BDAF69F-0D1B-4853-9637-B14C4925D23F}.Release|ARM.ActiveCfg = Release|Any CPU
		{4BDAF69F-0D1B-4853-9637-B14C4925D23F}.Release|x64.ActiveCfg = Release|Any CPU
		{4BDAF69F-0D1B-4853-9637-B14C4925D23F}.Release|x86.ActiveCfg = Release|Any CPU
		{66D9BAF0-D93C-48CD-9FC9-B2B3DDEF1152}.Debug|Any CPU.ActiveCfg = Debug|Any CPU
		{66D9BAF0-D93C-48CD-9FC9-B2B3DDEF1152}.Debug|Any CPU.Build.0 = Debug|Any CPU
		{66D9BAF0-D93C-48CD-9FC9-B2B3DDEF1152}.Debug|ARM.ActiveCfg = Debug|Any CPU
		{66D9BAF0-D93C-48CD-9FC9-B2B3DDEF1152}.Debug|x64.ActiveCfg = Debug|Any CPU
		{66D9BAF0-D93C-48CD-9FC9-B2B3DDEF1152}.Debug|x86.ActiveCfg = Debug|Any CPU
		{66D9BAF0-D93C-48CD-9FC9-B2B3DDEF1152}.Release|Any CPU.ActiveCfg = Release|Any CPU
		{66D9BAF0-D93C-48CD-9FC9-B2B3DDEF1152}.Release|Any CPU.Build.0 = Release|Any CPU
		{66D9BAF0-D93C-48CD-9FC9-B2B3DDEF1152}.Release|ARM.ActiveCfg = Release|Any CPU
		{66D9BAF0-D93C-48CD-9FC9-B2B3DDEF1152}.Release|x64.ActiveCfg = Release|Any CPU
		{66D9BAF0-D93C-48CD-9FC9-B2B3DDEF1152}.Release|x86.ActiveCfg = Release|Any CPU
		{11D38139-7ED5-49BA-B1BC-7D0F41E1EF79}.Debug|Any CPU.ActiveCfg = Debug|Any CPU
		{11D38139-7ED5-49BA-B1BC-7D0F41E1EF79}.Debug|Any CPU.Build.0 = Debug|Any CPU
		{11D38139-7ED5-49BA-B1BC-7D0F41E1EF79}.Debug|ARM.ActiveCfg = Debug|Any CPU
		{11D38139-7ED5-49BA-B1BC-7D0F41E1EF79}.Debug|x64.ActiveCfg = Debug|Any CPU
		{11D38139-7ED5-49BA-B1BC-7D0F41E1EF79}.Debug|x86.ActiveCfg = Debug|Any CPU
		{11D38139-7ED5-49BA-B1BC-7D0F41E1EF79}.Release|Any CPU.ActiveCfg = Release|Any CPU
		{11D38139-7ED5-49BA-B1BC-7D0F41E1EF79}.Release|Any CPU.Build.0 = Release|Any CPU
		{11D38139-7ED5-49BA-B1BC-7D0F41E1EF79}.Release|ARM.ActiveCfg = Release|Any CPU
		{11D38139-7ED5-49BA-B1BC-7D0F41E1EF79}.Release|x64.ActiveCfg = Release|Any CPU
		{11D38139-7ED5-49BA-B1BC-7D0F41E1EF79}.Release|x86.ActiveCfg = Release|Any CPU
		{462255F6-2A2C-4842-884E-B01E1D3CA7C4}.Debug|Any CPU.ActiveCfg = Debug|Any CPU
		{462255F6-2A2C-4842-884E-B01E1D3CA7C4}.Debug|Any CPU.Build.0 = Debug|Any CPU
		{462255F6-2A2C-4842-884E-B01E1D3CA7C4}.Debug|ARM.ActiveCfg = Debug|Any CPU
		{462255F6-2A2C-4842-884E-B01E1D3CA7C4}.Debug|x64.ActiveCfg = Debug|Any CPU
		{462255F6-2A2C-4842-884E-B01E1D3CA7C4}.Debug|x86.ActiveCfg = Debug|Any CPU
		{462255F6-2A2C-4842-884E-B01E1D3CA7C4}.Release|Any CPU.ActiveCfg = Release|Any CPU
		{462255F6-2A2C-4842-884E-B01E1D3CA7C4}.Release|Any CPU.Build.0 = Release|Any CPU
		{462255F6-2A2C-4842-884E-B01E1D3CA7C4}.Release|ARM.ActiveCfg = Release|Any CPU
		{462255F6-2A2C-4842-884E-B01E1D3CA7C4}.Release|x64.ActiveCfg = Release|Any CPU
		{462255F6-2A2C-4842-884E-B01E1D3CA7C4}.Release|x86.ActiveCfg = Release|Any CPU
		{12413047-FCC3-424E-8664-7DBAE3020001}.Debug|Any CPU.ActiveCfg = Debug|Any CPU
		{12413047-FCC3-424E-8664-7DBAE3020001}.Debug|Any CPU.Build.0 = Debug|Any CPU
		{12413047-FCC3-424E-8664-7DBAE3020001}.Debug|ARM.ActiveCfg = Debug|Any CPU
		{12413047-FCC3-424E-8664-7DBAE3020001}.Debug|x64.ActiveCfg = Debug|Any CPU
		{12413047-FCC3-424E-8664-7DBAE3020001}.Debug|x86.ActiveCfg = Debug|Any CPU
		{12413047-FCC3-424E-8664-7DBAE3020001}.Release|Any CPU.ActiveCfg = Release|Any CPU
		{12413047-FCC3-424E-8664-7DBAE3020001}.Release|Any CPU.Build.0 = Release|Any CPU
		{12413047-FCC3-424E-8664-7DBAE3020001}.Release|ARM.ActiveCfg = Release|Any CPU
		{12413047-FCC3-424E-8664-7DBAE3020001}.Release|x64.ActiveCfg = Release|Any CPU
		{12413047-FCC3-424E-8664-7DBAE3020001}.Release|x86.ActiveCfg = Release|Any CPU
	EndGlobalSection
	GlobalSection(SolutionProperties) = preSolution
		HideSolutionNode = FALSE
	EndGlobalSection
EndGlobal
