
Microsoft Visual Studio Solution File, Format Version 12.00
# Visual Studio 2013
VisualStudioVersion = 12.0.31101.0
MinimumVisualStudioVersion = 10.0.40219.1
Project("{FAE04EC0-301F-11D3-BF4B-00C04F79EFBC}") = "01. Leap year", "01. Leap year\01. Leap year.csproj", "{AE462D70-E9E9-429B-BA31-CA1157ACD374}"
EndProject
Project("{FAE04EC0-301F-11D3-BF4B-00C04F79EFBC}") = "02.Random numbers", "02.Random numbers\02.Random numbers.csproj", "{E663A0D4-A586-49CD-9183-153E30F511F1}"
EndProject
Project("{FAE04EC0-301F-11D3-BF4B-00C04F79EFBC}") = "03.DayOfTheWeek", "03.DayOfTheWeek\03.DayOfTheWeek.csproj", "{2AF7F2AD-5348-4C21-B1B4-43B6984CF4F9}"
EndProject
Project("{FAE04EC0-301F-11D3-BF4B-00C04F79EFBC}") = "04.Triangle surface", "04.Triangle surface\04.Triangle surface.csproj", "{CF9FCC72-3C07-45CB-A4C3-326F8D639E01}"
EndProject
Project("{FAE04EC0-301F-11D3-BF4B-00C04F79EFBC}") = "05.Workdays", "05.Workdays\05.Workdays.csproj", "{09210CFA-89E8-40F3-A707-39A8FAB07090}"
EndProject
Project("{FAE04EC0-301F-11D3-BF4B-00C04F79EFBC}") = "07.Sum integers", "07.Sum integers\07.Sum integers.csproj", "{13D01AD8-62F0-4DB5-9661-19A88DF77640}"
EndProject
Global
	GlobalSection(SolutionConfigurationPlatforms) = preSolution
		Debug|Any CPU = Debug|Any CPU
		Release|Any CPU = Release|Any CPU
	EndGlobalSection
	GlobalSection(ProjectConfigurationPlatforms) = postSolution
		{AE462D70-E9E9-429B-BA31-CA1157ACD374}.Debug|Any CPU.ActiveCfg = Debug|Any CPU
		{AE462D70-E9E9-429B-BA31-CA1157ACD374}.Debug|Any CPU.Build.0 = Debug|Any CPU
		{AE462D70-E9E9-429B-BA31-CA1157ACD374}.Release|Any CPU.ActiveCfg = Release|Any CPU
		{AE462D70-E9E9-429B-BA31-CA1157ACD374}.Release|Any CPU.Build.0 = Release|Any CPU
		{E663A0D4-A586-49CD-9183-153E30F511F1}.Debug|Any CPU.ActiveCfg = Debug|Any CPU
		{E663A0D4-A586-49CD-9183-153E30F511F1}.Debug|Any CPU.Build.0 = Debug|Any CPU
		{E663A0D4-A586-49CD-9183-153E30F511F1}.Release|Any CPU.ActiveCfg = Release|Any CPU
		{E663A0D4-A586-49CD-9183-153E30F511F1}.Release|Any CPU.Build.0 = Release|Any CPU
		{2AF7F2AD-5348-4C21-B1B4-43B6984CF4F9}.Debug|Any CPU.ActiveCfg = Debug|Any CPU
		{2AF7F2AD-5348-4C21-B1B4-43B6984CF4F9}.Debug|Any CPU.Build.0 = Debug|Any CPU
		{2AF7F2AD-5348-4C21-B1B4-43B6984CF4F9}.Release|Any CPU.ActiveCfg = Release|Any CPU
		{2AF7F2AD-5348-4C21-B1B4-43B6984CF4F9}.Release|Any CPU.Build.0 = Release|Any CPU
		{CF9FCC72-3C07-45CB-A4C3-326F8D639E01}.Debug|Any CPU.ActiveCfg = Debug|Any CPU
		{CF9FCC72-3C07-45CB-A4C3-326F8D639E01}.Debug|Any CPU.Build.0 = Debug|Any CPU
		{CF9FCC72-3C07-45CB-A4C3-326F8D639E01}.Release|Any CPU.ActiveCfg = Release|Any CPU
		{CF9FCC72-3C07-45CB-A4C3-326F8D639E01}.Release|Any CPU.Build.0 = Release|Any CPU
		{09210CFA-89E8-40F3-A707-39A8FAB07090}.Debug|Any CPU.ActiveCfg = Debug|Any CPU
		{09210CFA-89E8-40F3-A707-39A8FAB07090}.Debug|Any CPU.Build.0 = Debug|Any CPU
		{09210CFA-89E8-40F3-A707-39A8FAB07090}.Release|Any CPU.ActiveCfg = Release|Any CPU
		{09210CFA-89E8-40F3-A707-39A8FAB07090}.Release|Any CPU.Build.0 = Release|Any CPU
		{13D01AD8-62F0-4DB5-9661-19A88DF77640}.Debug|Any CPU.ActiveCfg = Debug|Any CPU
		{13D01AD8-62F0-4DB5-9661-19A88DF77640}.Debug|Any CPU.Build.0 = Debug|Any CPU
		{13D01AD8-62F0-4DB5-9661-19A88DF77640}.Release|Any CPU.ActiveCfg = Release|Any CPU
		{13D01AD8-62F0-4DB5-9661-19A88DF77640}.Release|Any CPU.Build.0 = Release|Any CPU
	EndGlobalSection
	GlobalSection(SolutionProperties) = preSolution
		HideSolutionNode = FALSE
	EndGlobalSection
EndGlobal
